
Microsoft Visual Studio Solution File, Format Version 12.00
# Visual Studio Version 17
VisualStudioVersion = 17.0.31903.59
MinimumVisualStudioVersion = 10.0.40219.1
Project("{FAE04EC0-301F-11D3-BF4B-00C04F79EFBC}") = "2nd.Semester.Eksamen.WebUi", "2nd.Semester.Eksamen.WebUi\2nd.Semester.Eksamen.WebUi.csproj", "{209C291F-7C46-4682-8AD9-8CE54F1BBE02}"
EndProject
Project("{FAE04EC0-301F-11D3-BF4B-00C04F79EFBC}") = "2nd.Semester.Eksamen.Application", "2nd.Semester.Eksamen.Application\2nd.Semester.Eksamen.Application.csproj", "{9F9A3681-0FB4-4C1C-A447-E17E465C40FA}"
EndProject
Project("{FAE04EC0-301F-11D3-BF4B-00C04F79EFBC}") = "2nd.Semester.Eksamen.Domain", "2nd.Semester.Eksamen.Domain\2nd.Semester.Eksamen.Domain.csproj", "{A905C7D9-5701-48AB-89B1-D77BBEC1D23E}"
EndProject
Project("{FAE04EC0-301F-11D3-BF4B-00C04F79EFBC}") = "2nd.Semester.Eksamen.Domain.Test", "2nd.Semester.Eksamen.Domain.Test\2nd.Semester.Eksamen.Domain.Test.csproj", "{2A0EF88A-45C0-49A4-BAE1-D40D55DAC905}"
EndProject
Project("{FAE04EC0-301F-11D3-BF4B-00C04F79EFBC}") = "2nd.Semester.Eksamen.Infrastructure", "2nd.Semester.Eksamen.Infrastructure\2nd.Semester.Eksamen.Infrastructure.csproj", "{5310BF2D-D846-4590-923F-C77CECA05CE6}"
EndProject
Global
	GlobalSection(SolutionConfigurationPlatforms) = preSolution
		Debug|Any CPU = Debug|Any CPU
		Debug|x64 = Debug|x64
		Debug|x86 = Debug|x86
		Release|Any CPU = Release|Any CPU
		Release|x64 = Release|x64
		Release|x86 = Release|x86
	EndGlobalSection
	GlobalSection(ProjectConfigurationPlatforms) = postSolution
		{209C291F-7C46-4682-8AD9-8CE54F1BBE02}.Debug|Any CPU.ActiveCfg = Debug|Any CPU
		{209C291F-7C46-4682-8AD9-8CE54F1BBE02}.Debug|Any CPU.Build.0 = Debug|Any CPU
		{209C291F-7C46-4682-8AD9-8CE54F1BBE02}.Debug|x64.ActiveCfg = Debug|Any CPU
		{209C291F-7C46-4682-8AD9-8CE54F1BBE02}.Debug|x64.Build.0 = Debug|Any CPU
		{209C291F-7C46-4682-8AD9-8CE54F1BBE02}.Debug|x86.ActiveCfg = Debug|Any CPU
		{209C291F-7C46-4682-8AD9-8CE54F1BBE02}.Debug|x86.Build.0 = Debug|Any CPU
		{209C291F-7C46-4682-8AD9-8CE54F1BBE02}.Release|Any CPU.ActiveCfg = Release|Any CPU
		{209C291F-7C46-4682-8AD9-8CE54F1BBE02}.Release|Any CPU.Build.0 = Release|Any CPU
		{209C291F-7C46-4682-8AD9-8CE54F1BBE02}.Release|x64.ActiveCfg = Release|Any CPU
		{209C291F-7C46-4682-8AD9-8CE54F1BBE02}.Release|x64.Build.0 = Release|Any CPU
		{209C291F-7C46-4682-8AD9-8CE54F1BBE02}.Release|x86.ActiveCfg = Release|Any CPU
		{209C291F-7C46-4682-8AD9-8CE54F1BBE02}.Release|x86.Build.0 = Release|Any CPU
		{9F9A3681-0FB4-4C1C-A447-E17E465C40FA}.Debug|Any CPU.ActiveCfg = Debug|Any CPU
		{9F9A3681-0FB4-4C1C-A447-E17E465C40FA}.Debug|Any CPU.Build.0 = Debug|Any CPU
		{9F9A3681-0FB4-4C1C-A447-E17E465C40FA}.Debug|x64.ActiveCfg = Debug|Any CPU
		{9F9A3681-0FB4-4C1C-A447-E17E465C40FA}.Debug|x64.Build.0 = Debug|Any CPU
		{9F9A3681-0FB4-4C1C-A447-E17E465C40FA}.Debug|x86.ActiveCfg = Debug|Any CPU
		{9F9A3681-0FB4-4C1C-A447-E17E465C40FA}.Debug|x86.Build.0 = Debug|Any CPU
		{9F9A3681-0FB4-4C1C-A447-E17E465C40FA}.Release|Any CPU.ActiveCfg = Release|Any CPU
		{9F9A3681-0FB4-4C1C-A447-E17E465C40FA}.Release|Any CPU.Build.0 = Release|Any CPU
		{9F9A3681-0FB4-4C1C-A447-E17E465C40FA}.Release|x64.ActiveCfg = Release|Any CPU
		{9F9A3681-0FB4-4C1C-A447-E17E465C40FA}.Release|x64.Build.0 = Release|Any CPU
		{9F9A3681-0FB4-4C1C-A447-E17E465C40FA}.Release|x86.ActiveCfg = Release|Any CPU
		{9F9A3681-0FB4-4C1C-A447-E17E465C40FA}.Release|x86.Build.0 = Release|Any CPU
		{A905C7D9-5701-48AB-89B1-D77BBEC1D23E}.Debug|Any CPU.ActiveCfg = Debug|Any CPU
		{A905C7D9-5701-48AB-89B1-D77BBEC1D23E}.Debug|Any CPU.Build.0 = Debug|Any CPU
		{A905C7D9-5701-48AB-89B1-D77BBEC1D23E}.Debug|x64.ActiveCfg = Debug|Any CPU
		{A905C7D9-5701-48AB-89B1-D77BBEC1D23E}.Debug|x64.Build.0 = Debug|Any CPU
		{A905C7D9-5701-48AB-89B1-D77BBEC1D23E}.Debug|x86.ActiveCfg = Debug|Any CPU
		{A905C7D9-5701-48AB-89B1-D77BBEC1D23E}.Debug|x86.Build.0 = Debug|Any CPU
		{A905C7D9-5701-48AB-89B1-D77BBEC1D23E}.Release|Any CPU.ActiveCfg = Release|Any CPU
		{A905C7D9-5701-48AB-89B1-D77BBEC1D23E}.Release|Any CPU.Build.0 = Release|Any CPU
		{A905C7D9-5701-48AB-89B1-D77BBEC1D23E}.Release|x64.ActiveCfg = Release|Any CPU
		{A905C7D9-5701-48AB-89B1-D77BBEC1D23E}.Release|x64.Build.0 = Release|Any CPU
		{A905C7D9-5701-48AB-89B1-D77BBEC1D23E}.Release|x86.ActiveCfg = Release|Any CPU
		{A905C7D9-5701-48AB-89B1-D77BBEC1D23E}.Release|x86.Build.0 = Release|Any CPU
		{2A0EF88A-45C0-49A4-BAE1-D40D55DAC905}.Debug|Any CPU.ActiveCfg = Debug|Any CPU
		{2A0EF88A-45C0-49A4-BAE1-D40D55DAC905}.Debug|Any CPU.Build.0 = Debug|Any CPU
		{2A0EF88A-45C0-49A4-BAE1-D40D55DAC905}.Debug|x64.ActiveCfg = Debug|Any CPU
		{2A0EF88A-45C0-49A4-BAE1-D40D55DAC905}.Debug|x64.Build.0 = Debug|Any CPU
		{2A0EF88A-45C0-49A4-BAE1-D40D55DAC905}.Debug|x86.ActiveCfg = Debug|Any CPU
		{2A0EF88A-45C0-49A4-BAE1-D40D55DAC905}.Debug|x86.Build.0 = Debug|Any CPU
		{2A0EF88A-45C0-49A4-BAE1-D40D55DAC905}.Release|Any CPU.ActiveCfg = Release|Any CPU
		{2A0EF88A-45C0-49A4-BAE1-D40D55DAC905}.Release|Any CPU.Build.0 = Release|Any CPU
		{2A0EF88A-45C0-49A4-BAE1-D40D55DAC905}.Release|x64.ActiveCfg = Release|Any CPU
		{2A0EF88A-45C0-49A4-BAE1-D40D55DAC905}.Release|x64.Build.0 = Release|Any CPU
		{2A0EF88A-45C0-49A4-BAE1-D40D55DAC905}.Release|x86.ActiveCfg = Release|Any CPU
		{2A0EF88A-45C0-49A4-BAE1-D40D55DAC905}.Release|x86.Build.0 = Release|Any CPU
		{5310BF2D-D846-4590-923F-C77CECA05CE6}.Debug|Any CPU.ActiveCfg = Debug|Any CPU
		{5310BF2D-D846-4590-923F-C77CECA05CE6}.Debug|Any CPU.Build.0 = Debug|Any CPU
		{5310BF2D-D846-4590-923F-C77CECA05CE6}.Debug|x64.ActiveCfg = Debug|Any CPU
		{5310BF2D-D846-4590-923F-C77CECA05CE6}.Debug|x64.Build.0 = Debug|Any CPU
		{5310BF2D-D846-4590-923F-C77CECA05CE6}.Debug|x86.ActiveCfg = Debug|Any CPU
		{5310BF2D-D846-4590-923F-C77CECA05CE6}.Debug|x86.Build.0 = Debug|Any CPU
		{5310BF2D-D846-4590-923F-C77CECA05CE6}.Release|Any CPU.ActiveCfg = Release|Any CPU
		{5310BF2D-D846-4590-923F-C77CECA05CE6}.Release|Any CPU.Build.0 = Release|Any CPU
		{5310BF2D-D846-4590-923F-C77CECA05CE6}.Release|x64.ActiveCfg = Release|Any CPU
		{5310BF2D-D846-4590-923F-C77CECA05CE6}.Release|x64.Build.0 = Release|Any CPU
		{5310BF2D-D846-4590-923F-C77CECA05CE6}.Release|x86.ActiveCfg = Release|Any CPU
		{5310BF2D-D846-4590-923F-C77CECA05CE6}.Release|x86.Build.0 = Release|Any CPU
	EndGlobalSection
	GlobalSection(SolutionProperties) = preSolution
		HideSolutionNode = FALSE
	EndGlobalSection
	GlobalSection(ExtensibilityGlobals) = postSolution
		SolutionGuid = {F1F1A29B-A4B9-476B-A957-B3C30203C1E4}
	EndGlobalSection
EndGlobal
